
Microsoft Visual Studio Solution File, Format Version 12.00
# Visual Studio Version 16
VisualStudioVersion = 16.0.30428.66
MinimumVisualStudioVersion = 15.0.26124.0
Project("{2150E333-8FDC-42A3-9474-1A3956D46DE8}") = "src", "src", "{E400202E-9C30-4D83-A0AD-1B524EDD72A6}"
EndProject
Project("{9A19103F-16F7-4668-BE54-9A1E7A4F7556}") = "AltApi.Carter", "src\AltApi.Carter\AltApi.Carter.csproj", "{183431CD-6482-4A90-9EC6-DFDA995FDED8}"
EndProject
Project("{9A19103F-16F7-4668-BE54-9A1E7A4F7556}") = "AltApi.Feather", "src\AltApi.Feather\AltApi.Feather.csproj", "{DF6C35D4-1391-4054-B86C-D85E46098239}"
EndProject
Project("{9A19103F-16F7-4668-BE54-9A1E7A4F7556}") = "AltApi.RouteToCode", "src\AltApi.RouteToCode\AltApi.RouteToCode.csproj", "{96365600-446C-4E4C-8C2A-E40FE9616A00}"
EndProject
Project("{9A19103F-16F7-4668-BE54-9A1E7A4F7556}") = "AltApi.Mvc", "src\AltApi.Mvc\AltApi.Mvc.csproj", "{FF9ACC88-5A7A-419F-AADE-A0E97A29A0E1}"
EndProject
Project("{6EC3EE1D-3C4E-46DD-8F32-0CC8E7565705}") = "AltApi.Giraffe", "src\AltApi.Giraffe\AltApi.Giraffe.fsproj", "{0BAFFAB8-7871-419C-BC74-A46C310CE3A2}"
EndProject
Project("{F2A71F9B-5D33-465A-A702-920D77279786}") = "AltApi.Suave", "src\AltApi.Suave\AltApi.Suave.fsproj", "{99EDC8FF-A1DB-44E6-9C3F-A87CA8BE76B0}"
EndProject
Global
	GlobalSection(SolutionConfigurationPlatforms) = preSolution
		Debug|Any CPU = Debug|Any CPU
		Debug|x64 = Debug|x64
		Debug|x86 = Debug|x86
		Release|Any CPU = Release|Any CPU
		Release|x64 = Release|x64
		Release|x86 = Release|x86
	EndGlobalSection
	GlobalSection(ProjectConfigurationPlatforms) = postSolution
		{183431CD-6482-4A90-9EC6-DFDA995FDED8}.Debug|Any CPU.ActiveCfg = Debug|Any CPU
		{183431CD-6482-4A90-9EC6-DFDA995FDED8}.Debug|Any CPU.Build.0 = Debug|Any CPU
		{183431CD-6482-4A90-9EC6-DFDA995FDED8}.Debug|x64.ActiveCfg = Debug|Any CPU
		{183431CD-6482-4A90-9EC6-DFDA995FDED8}.Debug|x64.Build.0 = Debug|Any CPU
		{183431CD-6482-4A90-9EC6-DFDA995FDED8}.Debug|x86.ActiveCfg = Debug|Any CPU
		{183431CD-6482-4A90-9EC6-DFDA995FDED8}.Debug|x86.Build.0 = Debug|Any CPU
		{183431CD-6482-4A90-9EC6-DFDA995FDED8}.Release|Any CPU.ActiveCfg = Release|Any CPU
		{183431CD-6482-4A90-9EC6-DFDA995FDED8}.Release|Any CPU.Build.0 = Release|Any CPU
		{183431CD-6482-4A90-9EC6-DFDA995FDED8}.Release|x64.ActiveCfg = Release|Any CPU
		{183431CD-6482-4A90-9EC6-DFDA995FDED8}.Release|x64.Build.0 = Release|Any CPU
		{183431CD-6482-4A90-9EC6-DFDA995FDED8}.Release|x86.ActiveCfg = Release|Any CPU
		{183431CD-6482-4A90-9EC6-DFDA995FDED8}.Release|x86.Build.0 = Release|Any CPU
		{DF6C35D4-1391-4054-B86C-D85E46098239}.Debug|Any CPU.ActiveCfg = Debug|Any CPU
		{DF6C35D4-1391-4054-B86C-D85E46098239}.Debug|Any CPU.Build.0 = Debug|Any CPU
		{DF6C35D4-1391-4054-B86C-D85E46098239}.Debug|x64.ActiveCfg = Debug|Any CPU
		{DF6C35D4-1391-4054-B86C-D85E46098239}.Debug|x64.Build.0 = Debug|Any CPU
		{DF6C35D4-1391-4054-B86C-D85E46098239}.Debug|x86.ActiveCfg = Debug|Any CPU
		{DF6C35D4-1391-4054-B86C-D85E46098239}.Debug|x86.Build.0 = Debug|Any CPU
		{DF6C35D4-1391-4054-B86C-D85E46098239}.Release|Any CPU.ActiveCfg = Release|Any CPU
		{DF6C35D4-1391-4054-B86C-D85E46098239}.Release|Any CPU.Build.0 = Release|Any CPU
		{DF6C35D4-1391-4054-B86C-D85E46098239}.Release|x64.ActiveCfg = Release|Any CPU
		{DF6C35D4-1391-4054-B86C-D85E46098239}.Release|x64.Build.0 = Release|Any CPU
		{DF6C35D4-1391-4054-B86C-D85E46098239}.Release|x86.ActiveCfg = Release|Any CPU
		{DF6C35D4-1391-4054-B86C-D85E46098239}.Release|x86.Build.0 = Release|Any CPU
		{96365600-446C-4E4C-8C2A-E40FE9616A00}.Debug|Any CPU.ActiveCfg = Debug|Any CPU
		{96365600-446C-4E4C-8C2A-E40FE9616A00}.Debug|Any CPU.Build.0 = Debug|Any CPU
		{96365600-446C-4E4C-8C2A-E40FE9616A00}.Debug|x64.ActiveCfg = Debug|Any CPU
		{96365600-446C-4E4C-8C2A-E40FE9616A00}.Debug|x64.Build.0 = Debug|Any CPU
		{96365600-446C-4E4C-8C2A-E40FE9616A00}.Debug|x86.ActiveCfg = Debug|Any CPU
		{96365600-446C-4E4C-8C2A-E40FE9616A00}.Debug|x86.Build.0 = Debug|Any CPU
		{96365600-446C-4E4C-8C2A-E40FE9616A00}.Release|Any CPU.ActiveCfg = Release|Any CPU
		{96365600-446C-4E4C-8C2A-E40FE9616A00}.Release|Any CPU.Build.0 = Release|Any CPU
		{96365600-446C-4E4C-8C2A-E40FE9616A00}.Release|x64.ActiveCfg = Release|Any CPU
		{96365600-446C-4E4C-8C2A-E40FE9616A00}.Release|x64.Build.0 = Release|Any CPU
		{96365600-446C-4E4C-8C2A-E40FE9616A00}.Release|x86.ActiveCfg = Release|Any CPU
		{96365600-446C-4E4C-8C2A-E40FE9616A00}.Release|x86.Build.0 = Release|Any CPU
		{FF9ACC88-5A7A-419F-AADE-A0E97A29A0E1}.Debug|Any CPU.ActiveCfg = Debug|Any CPU
		{FF9ACC88-5A7A-419F-AADE-A0E97A29A0E1}.Debug|Any CPU.Build.0 = Debug|Any CPU
		{FF9ACC88-5A7A-419F-AADE-A0E97A29A0E1}.Debug|x64.ActiveCfg = Debug|Any CPU
		{FF9ACC88-5A7A-419F-AADE-A0E97A29A0E1}.Debug|x64.Build.0 = Debug|Any CPU
		{FF9ACC88-5A7A-419F-AADE-A0E97A29A0E1}.Debug|x86.ActiveCfg = Debug|Any CPU
		{FF9ACC88-5A7A-419F-AADE-A0E97A29A0E1}.Debug|x86.Build.0 = Debug|Any CPU
		{FF9ACC88-5A7A-419F-AADE-A0E97A29A0E1}.Release|Any CPU.ActiveCfg = Release|Any CPU
		{FF9ACC88-5A7A-419F-AADE-A0E97A29A0E1}.Release|Any CPU.Build.0 = Release|Any CPU
		{FF9ACC88-5A7A-419F-AADE-A0E97A29A0E1}.Release|x64.ActiveCfg = Release|Any CPU
		{FF9ACC88-5A7A-419F-AADE-A0E97A29A0E1}.Release|x64.Build.0 = Release|Any CPU
		{FF9ACC88-5A7A-419F-AADE-A0E97A29A0E1}.Release|x86.ActiveCfg = Release|Any CPU
		{FF9ACC88-5A7A-419F-AADE-A0E97A29A0E1}.Release|x86.Build.0 = Release|Any CPU
		{0BAFFAB8-7871-419C-BC74-A46C310CE3A2}.Debug|Any CPU.ActiveCfg = Debug|Any CPU
		{0BAFFAB8-7871-419C-BC74-A46C310CE3A2}.Debug|Any CPU.Build.0 = Debug|Any CPU
		{0BAFFAB8-7871-419C-BC74-A46C310CE3A2}.Debug|x64.ActiveCfg = Debug|Any CPU
		{0BAFFAB8-7871-419C-BC74-A46C310CE3A2}.Debug|x64.Build.0 = Debug|Any CPU
		{0BAFFAB8-7871-419C-BC74-A46C310CE3A2}.Debug|x86.ActiveCfg = Debug|Any CPU
		{0BAFFAB8-7871-419C-BC74-A46C310CE3A2}.Debug|x86.Build.0 = Debug|Any CPU
		{0BAFFAB8-7871-419C-BC74-A46C310CE3A2}.Release|Any CPU.ActiveCfg = Release|Any CPU
		{0BAFFAB8-7871-419C-BC74-A46C310CE3A2}.Release|Any CPU.Build.0 = Release|Any CPU
		{0BAFFAB8-7871-419C-BC74-A46C310CE3A2}.Release|x64.ActiveCfg = Release|Any CPU
		{0BAFFAB8-7871-419C-BC74-A46C310CE3A2}.Release|x64.Build.0 = Release|Any CPU
		{0BAFFAB8-7871-419C-BC74-A46C310CE3A2}.Release|x86.ActiveCfg = Release|Any CPU
		{0BAFFAB8-7871-419C-BC74-A46C310CE3A2}.Release|x86.Build.0 = Release|Any CPU
		{99EDC8FF-A1DB-44E6-9C3F-A87CA8BE76B0}.Debug|Any CPU.ActiveCfg = Debug|Any CPU
		{99EDC8FF-A1DB-44E6-9C3F-A87CA8BE76B0}.Debug|Any CPU.Build.0 = Debug|Any CPU
		{99EDC8FF-A1DB-44E6-9C3F-A87CA8BE76B0}.Debug|x64.ActiveCfg = Debug|Any CPU
		{99EDC8FF-A1DB-44E6-9C3F-A87CA8BE76B0}.Debug|x64.Build.0 = Debug|Any CPU
		{99EDC8FF-A1DB-44E6-9C3F-A87CA8BE76B0}.Debug|x86.ActiveCfg = Debug|Any CPU
		{99EDC8FF-A1DB-44E6-9C3F-A87CA8BE76B0}.Debug|x86.Build.0 = Debug|Any CPU
		{99EDC8FF-A1DB-44E6-9C3F-A87CA8BE76B0}.Release|Any CPU.ActiveCfg = Release|Any CPU
		{99EDC8FF-A1DB-44E6-9C3F-A87CA8BE76B0}.Release|Any CPU.Build.0 = Release|Any CPU
		{99EDC8FF-A1DB-44E6-9C3F-A87CA8BE76B0}.Release|x64.ActiveCfg = Release|Any CPU
		{99EDC8FF-A1DB-44E6-9C3F-A87CA8BE76B0}.Release|x64.Build.0 = Release|Any CPU
		{99EDC8FF-A1DB-44E6-9C3F-A87CA8BE76B0}.Release|x86.ActiveCfg = Release|Any CPU
		{99EDC8FF-A1DB-44E6-9C3F-A87CA8BE76B0}.Release|x86.Build.0 = Release|Any CPU
	EndGlobalSection
	GlobalSection(SolutionProperties) = preSolution
		HideSolutionNode = FALSE
	EndGlobalSection
	GlobalSection(NestedProjects) = preSolution
		{183431CD-6482-4A90-9EC6-DFDA995FDED8} = {E400202E-9C30-4D83-A0AD-1B524EDD72A6}
		{DF6C35D4-1391-4054-B86C-D85E46098239} = {E400202E-9C30-4D83-A0AD-1B524EDD72A6}
		{96365600-446C-4E4C-8C2A-E40FE9616A00} = {E400202E-9C30-4D83-A0AD-1B524EDD72A6}
		{FF9ACC88-5A7A-419F-AADE-A0E97A29A0E1} = {E400202E-9C30-4D83-A0AD-1B524EDD72A6}
		{0BAFFAB8-7871-419C-BC74-A46C310CE3A2} = {E400202E-9C30-4D83-A0AD-1B524EDD72A6}
		{99EDC8FF-A1DB-44E6-9C3F-A87CA8BE76B0} = {E400202E-9C30-4D83-A0AD-1B524EDD72A6}
	EndGlobalSection
	GlobalSection(ExtensibilityGlobals) = postSolution
		SolutionGuid = {45CE7FBA-6060-48D9-8757-CC182A7E0F69}
	EndGlobalSection
EndGlobal
