
Microsoft Visual Studio Solution File, Format Version 12.00
# Visual Studio 15
VisualStudioVersion = 15.0.26124.0
MinimumVisualStudioVersion = 15.0.26124.0
Project("{2150E333-8FDC-42A3-9474-1A3956D46DE8}") = "src", "src", "{E400202E-9C30-4D83-A0AD-1B524EDD72A6}"
EndProject
Project("{FAE04EC0-301F-11D3-BF4B-00C04F79EFBC}") = "AltApi.Carter", "src\AltApi.Carter\AltApi.Carter.csproj", "{183431CD-6482-4A90-9EC6-DFDA995FDED8}"
EndProject
Project("{FAE04EC0-301F-11D3-BF4B-00C04F79EFBC}") = "AltApi.Feather", "src\AltApi.Feather\AltApi.Feather.csproj", "{DF6C35D4-1391-4054-B86C-D85E46098239}"
EndProject
Project("{FAE04EC0-301F-11D3-BF4B-00C04F79EFBC}") = "AltApi.OpenRasta", "src\AltApi.OpenRasta\AltApi.OpenRasta.csproj", "{9EE37DF6-D6DA-4682-8AB2-EDDCE94A8E53}"
EndProject
Project("{FAE04EC0-301F-11D3-BF4B-00C04F79EFBC}") = "AltApi.RouteToCode", "src\AltApi.RouteToCode\AltApi.RouteToCode.csproj", "{96365600-446C-4E4C-8C2A-E40FE9616A00}"
EndProject
Project("{FAE04EC0-301F-11D3-BF4B-00C04F79EFBC}") = "AltApi.Mvc", "src\AltApi.Mvc\AltApi.Mvc.csproj", "{FF9ACC88-5A7A-419F-AADE-A0E97A29A0E1}"
EndProject
Global
	GlobalSection(SolutionConfigurationPlatforms) = preSolution
		Debug|Any CPU = Debug|Any CPU
		Debug|x64 = Debug|x64
		Debug|x86 = Debug|x86
		Release|Any CPU = Release|Any CPU
		Release|x64 = Release|x64
		Release|x86 = Release|x86
	EndGlobalSection
	GlobalSection(SolutionProperties) = preSolution
		HideSolutionNode = FALSE
	EndGlobalSection
	GlobalSection(ProjectConfigurationPlatforms) = postSolution
		{183431CD-6482-4A90-9EC6-DFDA995FDED8}.Debug|Any CPU.ActiveCfg = Debug|Any CPU
		{183431CD-6482-4A90-9EC6-DFDA995FDED8}.Debug|Any CPU.Build.0 = Debug|Any CPU
		{183431CD-6482-4A90-9EC6-DFDA995FDED8}.Debug|x64.ActiveCfg = Debug|Any CPU
		{183431CD-6482-4A90-9EC6-DFDA995FDED8}.Debug|x64.Build.0 = Debug|Any CPU
		{183431CD-6482-4A90-9EC6-DFDA995FDED8}.Debug|x86.ActiveCfg = Debug|Any CPU
		{183431CD-6482-4A90-9EC6-DFDA995FDED8}.Debug|x86.Build.0 = Debug|Any CPU
		{183431CD-6482-4A90-9EC6-DFDA995FDED8}.Release|Any CPU.ActiveCfg = Release|Any CPU
		{183431CD-6482-4A90-9EC6-DFDA995FDED8}.Release|Any CPU.Build.0 = Release|Any CPU
		{183431CD-6482-4A90-9EC6-DFDA995FDED8}.Release|x64.ActiveCfg = Release|Any CPU
		{183431CD-6482-4A90-9EC6-DFDA995FDED8}.Release|x64.Build.0 = Release|Any CPU
		{183431CD-6482-4A90-9EC6-DFDA995FDED8}.Release|x86.ActiveCfg = Release|Any CPU
		{183431CD-6482-4A90-9EC6-DFDA995FDED8}.Release|x86.Build.0 = Release|Any CPU
		{DF6C35D4-1391-4054-B86C-D85E46098239}.Debug|Any CPU.ActiveCfg = Debug|Any CPU
		{DF6C35D4-1391-4054-B86C-D85E46098239}.Debug|Any CPU.Build.0 = Debug|Any CPU
		{DF6C35D4-1391-4054-B86C-D85E46098239}.Debug|x64.ActiveCfg = Debug|Any CPU
		{DF6C35D4-1391-4054-B86C-D85E46098239}.Debug|x64.Build.0 = Debug|Any CPU
		{DF6C35D4-1391-4054-B86C-D85E46098239}.Debug|x86.ActiveCfg = Debug|Any CPU
		{DF6C35D4-1391-4054-B86C-D85E46098239}.Debug|x86.Build.0 = Debug|Any CPU
		{DF6C35D4-1391-4054-B86C-D85E46098239}.Release|Any CPU.ActiveCfg = Release|Any CPU
		{DF6C35D4-1391-4054-B86C-D85E46098239}.Release|Any CPU.Build.0 = Release|Any CPU
		{DF6C35D4-1391-4054-B86C-D85E46098239}.Release|x64.ActiveCfg = Release|Any CPU
		{DF6C35D4-1391-4054-B86C-D85E46098239}.Release|x64.Build.0 = Release|Any CPU
		{DF6C35D4-1391-4054-B86C-D85E46098239}.Release|x86.ActiveCfg = Release|Any CPU
		{DF6C35D4-1391-4054-B86C-D85E46098239}.Release|x86.Build.0 = Release|Any CPU
		{9EE37DF6-D6DA-4682-8AB2-EDDCE94A8E53}.Debug|Any CPU.ActiveCfg = Debug|Any CPU
		{9EE37DF6-D6DA-4682-8AB2-EDDCE94A8E53}.Debug|Any CPU.Build.0 = Debug|Any CPU
		{9EE37DF6-D6DA-4682-8AB2-EDDCE94A8E53}.Debug|x64.ActiveCfg = Debug|Any CPU
		{9EE37DF6-D6DA-4682-8AB2-EDDCE94A8E53}.Debug|x64.Build.0 = Debug|Any CPU
		{9EE37DF6-D6DA-4682-8AB2-EDDCE94A8E53}.Debug|x86.ActiveCfg = Debug|Any CPU
		{9EE37DF6-D6DA-4682-8AB2-EDDCE94A8E53}.Debug|x86.Build.0 = Debug|Any CPU
		{9EE37DF6-D6DA-4682-8AB2-EDDCE94A8E53}.Release|Any CPU.ActiveCfg = Release|Any CPU
		{9EE37DF6-D6DA-4682-8AB2-EDDCE94A8E53}.Release|Any CPU.Build.0 = Release|Any CPU
		{9EE37DF6-D6DA-4682-8AB2-EDDCE94A8E53}.Release|x64.ActiveCfg = Release|Any CPU
		{9EE37DF6-D6DA-4682-8AB2-EDDCE94A8E53}.Release|x64.Build.0 = Release|Any CPU
		{9EE37DF6-D6DA-4682-8AB2-EDDCE94A8E53}.Release|x86.ActiveCfg = Release|Any CPU
		{9EE37DF6-D6DA-4682-8AB2-EDDCE94A8E53}.Release|x86.Build.0 = Release|Any CPU
		{96365600-446C-4E4C-8C2A-E40FE9616A00}.Debug|Any CPU.ActiveCfg = Debug|Any CPU
		{96365600-446C-4E4C-8C2A-E40FE9616A00}.Debug|Any CPU.Build.0 = Debug|Any CPU
		{96365600-446C-4E4C-8C2A-E40FE9616A00}.Debug|x64.ActiveCfg = Debug|Any CPU
		{96365600-446C-4E4C-8C2A-E40FE9616A00}.Debug|x64.Build.0 = Debug|Any CPU
		{96365600-446C-4E4C-8C2A-E40FE9616A00}.Debug|x86.ActiveCfg = Debug|Any CPU
		{96365600-446C-4E4C-8C2A-E40FE9616A00}.Debug|x86.Build.0 = Debug|Any CPU
		{96365600-446C-4E4C-8C2A-E40FE9616A00}.Release|Any CPU.ActiveCfg = Release|Any CPU
		{96365600-446C-4E4C-8C2A-E40FE9616A00}.Release|Any CPU.Build.0 = Release|Any CPU
		{96365600-446C-4E4C-8C2A-E40FE9616A00}.Release|x64.ActiveCfg = Release|Any CPU
		{96365600-446C-4E4C-8C2A-E40FE9616A00}.Release|x64.Build.0 = Release|Any CPU
		{96365600-446C-4E4C-8C2A-E40FE9616A00}.Release|x86.ActiveCfg = Release|Any CPU
		{96365600-446C-4E4C-8C2A-E40FE9616A00}.Release|x86.Build.0 = Release|Any CPU
		{FF9ACC88-5A7A-419F-AADE-A0E97A29A0E1}.Debug|Any CPU.ActiveCfg = Debug|Any CPU
		{FF9ACC88-5A7A-419F-AADE-A0E97A29A0E1}.Debug|Any CPU.Build.0 = Debug|Any CPU
		{FF9ACC88-5A7A-419F-AADE-A0E97A29A0E1}.Debug|x64.ActiveCfg = Debug|Any CPU
		{FF9ACC88-5A7A-419F-AADE-A0E97A29A0E1}.Debug|x64.Build.0 = Debug|Any CPU
		{FF9ACC88-5A7A-419F-AADE-A0E97A29A0E1}.Debug|x86.ActiveCfg = Debug|Any CPU
		{FF9ACC88-5A7A-419F-AADE-A0E97A29A0E1}.Debug|x86.Build.0 = Debug|Any CPU
		{FF9ACC88-5A7A-419F-AADE-A0E97A29A0E1}.Release|Any CPU.ActiveCfg = Release|Any CPU
		{FF9ACC88-5A7A-419F-AADE-A0E97A29A0E1}.Release|Any CPU.Build.0 = Release|Any CPU
		{FF9ACC88-5A7A-419F-AADE-A0E97A29A0E1}.Release|x64.ActiveCfg = Release|Any CPU
		{FF9ACC88-5A7A-419F-AADE-A0E97A29A0E1}.Release|x64.Build.0 = Release|Any CPU
		{FF9ACC88-5A7A-419F-AADE-A0E97A29A0E1}.Release|x86.ActiveCfg = Release|Any CPU
		{FF9ACC88-5A7A-419F-AADE-A0E97A29A0E1}.Release|x86.Build.0 = Release|Any CPU
	EndGlobalSection
	GlobalSection(NestedProjects) = preSolution
		{183431CD-6482-4A90-9EC6-DFDA995FDED8} = {E400202E-9C30-4D83-A0AD-1B524EDD72A6}
		{DF6C35D4-1391-4054-B86C-D85E46098239} = {E400202E-9C30-4D83-A0AD-1B524EDD72A6}
		{9EE37DF6-D6DA-4682-8AB2-EDDCE94A8E53} = {E400202E-9C30-4D83-A0AD-1B524EDD72A6}
		{96365600-446C-4E4C-8C2A-E40FE9616A00} = {E400202E-9C30-4D83-A0AD-1B524EDD72A6}
		{FF9ACC88-5A7A-419F-AADE-A0E97A29A0E1} = {E400202E-9C30-4D83-A0AD-1B524EDD72A6}
	EndGlobalSection
EndGlobal
